
Microsoft Visual Studio Solution File, Format Version 12.00
# Visual Studio 15
VisualStudioVersion = 15.0.26124.0
MinimumVisualStudioVersion = 15.0.26124.0
Project("{FAE04EC0-301F-11D3-BF4B-00C04F79EFBC}") = "xlib", "xlib\xlib.csproj", "{5DCFD84F-E20D-4402-9749-EC0D371696F0}"
EndProject
Project("{FAE04EC0-301F-11D3-BF4B-00C04F79EFBC}") = "xunity", "xunity\xunity.csproj", "{B76108E8-37D6-4C05-A8A5-F420A1408F95}"
EndProject
Global
	GlobalSection(SolutionConfigurationPlatforms) = preSolution
		Debug|Any CPU = Debug|Any CPU
		Debug|x64 = Debug|x64
		Debug|x86 = Debug|x86
		Release|Any CPU = Release|Any CPU
		Release|x64 = Release|x64
		Release|x86 = Release|x86
	EndGlobalSection
	GlobalSection(SolutionProperties) = preSolution
		HideSolutionNode = FALSE
	EndGlobalSection
	GlobalSection(ProjectConfigurationPlatforms) = postSolution
		{5DCFD84F-E20D-4402-9749-EC0D371696F0}.Debug|Any CPU.ActiveCfg = Debug|Any CPU
		{5DCFD84F-E20D-4402-9749-EC0D371696F0}.Debug|Any CPU.Build.0 = Debug|Any CPU
		{5DCFD84F-E20D-4402-9749-EC0D371696F0}.Debug|x64.ActiveCfg = Debug|Any CPU
		{5DCFD84F-E20D-4402-9749-EC0D371696F0}.Debug|x64.Build.0 = Debug|Any CPU
		{5DCFD84F-E20D-4402-9749-EC0D371696F0}.Debug|x86.ActiveCfg = Debug|Any CPU
		{5DCFD84F-E20D-4402-9749-EC0D371696F0}.Debug|x86.Build.0 = Debug|Any CPU
		{5DCFD84F-E20D-4402-9749-EC0D371696F0}.Release|Any CPU.ActiveCfg = Release|Any CPU
		{5DCFD84F-E20D-4402-9749-EC0D371696F0}.Release|Any CPU.Build.0 = Release|Any CPU
		{5DCFD84F-E20D-4402-9749-EC0D371696F0}.Release|x64.ActiveCfg = Release|Any CPU
		{5DCFD84F-E20D-4402-9749-EC0D371696F0}.Release|x64.Build.0 = Release|Any CPU
		{5DCFD84F-E20D-4402-9749-EC0D371696F0}.Release|x86.ActiveCfg = Release|Any CPU
		{5DCFD84F-E20D-4402-9749-EC0D371696F0}.Release|x86.Build.0 = Release|Any CPU
		{B76108E8-37D6-4C05-A8A5-F420A1408F95}.Debug|Any CPU.ActiveCfg = Debug|Any CPU
		{B76108E8-37D6-4C05-A8A5-F420A1408F95}.Debug|Any CPU.Build.0 = Debug|Any CPU
		{B76108E8-37D6-4C05-A8A5-F420A1408F95}.Debug|x64.ActiveCfg = Debug|Any CPU
		{B76108E8-37D6-4C05-A8A5-F420A1408F95}.Debug|x64.Build.0 = Debug|Any CPU
		{B76108E8-37D6-4C05-A8A5-F420A1408F95}.Debug|x86.ActiveCfg = Debug|Any CPU
		{B76108E8-37D6-4C05-A8A5-F420A1408F95}.Debug|x86.Build.0 = Debug|Any CPU
		{B76108E8-37D6-4C05-A8A5-F420A1408F95}.Release|Any CPU.ActiveCfg = Release|Any CPU
		{B76108E8-37D6-4C05-A8A5-F420A1408F95}.Release|Any CPU.Build.0 = Release|Any CPU
		{B76108E8-37D6-4C05-A8A5-F420A1408F95}.Release|x64.ActiveCfg = Release|Any CPU
		{B76108E8-37D6-4C05-A8A5-F420A1408F95}.Release|x64.Build.0 = Release|Any CPU
		{B76108E8-37D6-4C05-A8A5-F420A1408F95}.Release|x86.ActiveCfg = Release|Any CPU
		{B76108E8-37D6-4C05-A8A5-F420A1408F95}.Release|x86.Build.0 = Release|Any CPU
	EndGlobalSection
EndGlobal
